{
  "name": "checkers",
  "lockfileVersion": 3,
  "requires": true,
  "packages": {
    "": {
      "dependencies": {
        "rapid-draughts": "^1.0.6"
      }
    },
    "node_modules/rapid-draughts": {
      "version": "1.0.6",
      "resolved": "https://registry.npmjs.org/rapid-draughts/-/rapid-draughts-1.0.6.tgz",
      "integrity": "sha512-DrYBxIfczAkCob4LIh6W5djZVceX2Qk4XT/Xp6bQgLrhmcHXSfZRIDZ+weVdW5A93iF6wkYiiE6tcSsOFHDFXg==",
      "license": "MIT"
    }
  }
}
